
Microsoft Visual Studio Solution File, Format Version 12.00
# Visual Studio Version 17
VisualStudioVersion = 17.12.35707.178
MinimumVisualStudioVersion = 10.0.40219.1
Project("{2150E333-8FDC-42A3-9474-1A3956D46DE8}") = "src", "src", "{69BED490-27D2-4446-A80E-D5656C5ACE11}"
EndProject
Project("{2150E333-8FDC-42A3-9474-1A3956D46DE8}") = "tests", "tests", "{53B8591F-A5F2-4DDC-961A-15FC6BD4C67A}"
EndProject
Project("{2150E333-8FDC-42A3-9474-1A3956D46DE8}") = "Backend", "Backend", "{D1AB4069-81E7-4BB8-94ED-6764EED72D23}"
EndProject
Project("{2150E333-8FDC-42A3-9474-1A3956D46DE8}") = "Shared", "Shared", "{91DA9403-3104-4618-838F-A1565A307648}"
EndProject
Project("{FAE04EC0-301F-11D3-BF4B-00C04F79EFBC}") = "MyRecipeBook.Communication", "src\Shared\MyRecipeBook.Communication\MyRecipeBook.Communication.csproj", "{3F1B6BF5-8C15-4D01-BAA8-1E0FF8019959}"
EndProject
Project("{FAE04EC0-301F-11D3-BF4B-00C04F79EFBC}") = "MyRecipeBook.Exeptions", "src\Shared\MyRecipeBook.Exeptions\MyRecipeBook.Exeptions.csproj", "{A5342BC7-671D-4996-B5EC-104530CA4E58}"
EndProject
Project("{FAE04EC0-301F-11D3-BF4B-00C04F79EFBC}") = "MyRecipeBook.API", "src\Backend\MyRecipeBook.API\MyRecipeBook.API.csproj", "{298BB4E0-E9BE-4F28-B527-BF3CD377A0DB}"
EndProject
Project("{FAE04EC0-301F-11D3-BF4B-00C04F79EFBC}") = "MyRecipeBook.Application", "src\Backend\MyRecipeBook.Application\MyRecipeBook.Application.csproj", "{0E37B9E9-C1D9-4D23-BACA-330F5977DC4C}"
EndProject
Project("{FAE04EC0-301F-11D3-BF4B-00C04F79EFBC}") = "MyRecipeBook.Domain", "src\Backend\MyRecipeBook.Domain\MyRecipeBook.Domain.csproj", "{87CA05CB-6D63-4890-87D3-87B1BCFC36A8}"
EndProject
Project("{FAE04EC0-301F-11D3-BF4B-00C04F79EFBC}") = "MyRecipeBook.Infrastructure", "src\Backend\MyRecipeBook.Infrastructure\MyRecipeBook.Infrastructure.csproj", "{7FA79695-D61C-41F8-B037-6F6986CE8800}"
EndProject
Global
	GlobalSection(SolutionConfigurationPlatforms) = preSolution
		Debug|Any CPU = Debug|Any CPU
		Release|Any CPU = Release|Any CPU
	EndGlobalSection
	GlobalSection(ProjectConfigurationPlatforms) = postSolution
		{3F1B6BF5-8C15-4D01-BAA8-1E0FF8019959}.Debug|Any CPU.ActiveCfg = Debug|Any CPU
		{3F1B6BF5-8C15-4D01-BAA8-1E0FF8019959}.Debug|Any CPU.Build.0 = Debug|Any CPU
		{3F1B6BF5-8C15-4D01-BAA8-1E0FF8019959}.Release|Any CPU.ActiveCfg = Release|Any CPU
		{3F1B6BF5-8C15-4D01-BAA8-1E0FF8019959}.Release|Any CPU.Build.0 = Release|Any CPU
		{A5342BC7-671D-4996-B5EC-104530CA4E58}.Debug|Any CPU.ActiveCfg = Debug|Any CPU
		{A5342BC7-671D-4996-B5EC-104530CA4E58}.Debug|Any CPU.Build.0 = Debug|Any CPU
		{A5342BC7-671D-4996-B5EC-104530CA4E58}.Release|Any CPU.ActiveCfg = Release|Any CPU
		{A5342BC7-671D-4996-B5EC-104530CA4E58}.Release|Any CPU.Build.0 = Release|Any CPU
		{298BB4E0-E9BE-4F28-B527-BF3CD377A0DB}.Debug|Any CPU.ActiveCfg = Debug|Any CPU
		{298BB4E0-E9BE-4F28-B527-BF3CD377A0DB}.Debug|Any CPU.Build.0 = Debug|Any CPU
		{298BB4E0-E9BE-4F28-B527-BF3CD377A0DB}.Release|Any CPU.ActiveCfg = Release|Any CPU
		{298BB4E0-E9BE-4F28-B527-BF3CD377A0DB}.Release|Any CPU.Build.0 = Release|Any CPU
		{0E37B9E9-C1D9-4D23-BACA-330F5977DC4C}.Debug|Any CPU.ActiveCfg = Debug|Any CPU
		{0E37B9E9-C1D9-4D23-BACA-330F5977DC4C}.Debug|Any CPU.Build.0 = Debug|Any CPU
		{0E37B9E9-C1D9-4D23-BACA-330F5977DC4C}.Release|Any CPU.ActiveCfg = Release|Any CPU
		{0E37B9E9-C1D9-4D23-BACA-330F5977DC4C}.Release|Any CPU.Build.0 = Release|Any CPU
		{87CA05CB-6D63-4890-87D3-87B1BCFC36A8}.Debug|Any CPU.ActiveCfg = Debug|Any CPU
		{87CA05CB-6D63-4890-87D3-87B1BCFC36A8}.Debug|Any CPU.Build.0 = Debug|Any CPU
		{87CA05CB-6D63-4890-87D3-87B1BCFC36A8}.Release|Any CPU.ActiveCfg = Release|Any CPU
		{87CA05CB-6D63-4890-87D3-87B1BCFC36A8}.Release|Any CPU.Build.0 = Release|Any CPU
		{7FA79695-D61C-41F8-B037-6F6986CE8800}.Debug|Any CPU.ActiveCfg = Debug|Any CPU
		{7FA79695-D61C-41F8-B037-6F6986CE8800}.Debug|Any CPU.Build.0 = Debug|Any CPU
		{7FA79695-D61C-41F8-B037-6F6986CE8800}.Release|Any CPU.ActiveCfg = Release|Any CPU
		{7FA79695-D61C-41F8-B037-6F6986CE8800}.Release|Any CPU.Build.0 = Release|Any CPU
	EndGlobalSection
	GlobalSection(SolutionProperties) = preSolution
		HideSolutionNode = FALSE
	EndGlobalSection
	GlobalSection(NestedProjects) = preSolution
		{D1AB4069-81E7-4BB8-94ED-6764EED72D23} = {69BED490-27D2-4446-A80E-D5656C5ACE11}
		{91DA9403-3104-4618-838F-A1565A307648} = {69BED490-27D2-4446-A80E-D5656C5ACE11}
		{3F1B6BF5-8C15-4D01-BAA8-1E0FF8019959} = {91DA9403-3104-4618-838F-A1565A307648}
		{A5342BC7-671D-4996-B5EC-104530CA4E58} = {91DA9403-3104-4618-838F-A1565A307648}
		{298BB4E0-E9BE-4F28-B527-BF3CD377A0DB} = {D1AB4069-81E7-4BB8-94ED-6764EED72D23}
		{0E37B9E9-C1D9-4D23-BACA-330F5977DC4C} = {D1AB4069-81E7-4BB8-94ED-6764EED72D23}
		{87CA05CB-6D63-4890-87D3-87B1BCFC36A8} = {D1AB4069-81E7-4BB8-94ED-6764EED72D23}
		{7FA79695-D61C-41F8-B037-6F6986CE8800} = {D1AB4069-81E7-4BB8-94ED-6764EED72D23}
	EndGlobalSection
EndGlobal
